PODS:
  - Masonry (1.1.0)
  - ReactiveObjC (3.1.0)

DEPENDENCIES:
  - Masonry
  - ReactiveObjC

SPEC REPOS:
  https://github.com/cocoapods/specs.git:
    - Masonry
    - ReactiveObjC

SPEC CHECKSUMS:
  Masonry: 678fab65091a9290e40e2832a55e7ab731aad201
  ReactiveObjC: 2a38ea15335de4119d8b17caf1db1484f61db902

PODFILE CHECKSUM: 2d396d19e511a3c5f4347393353f5a2e3a816322

COCOAPODS: 1.6.1
